Microsoft Visual Studio Solution File, Format Version 12.00
# Visual Studio Version 17
VisualStudioVersion = 17.13.35931.197
MinimumVisualStudioVersion = 10.0.40219.1
Project("{2150E333-8FDC-42A3-9474-1A3956D46DE8}") = "Solution Items", "Solution Items", "{C3B2A3F2-5EF9-4128-8035-255A1AC1AF7B}"
	ProjectSection(SolutionItems) = preProject
		LICENSE.md = LICENSE.md
		README.md = README.md
	EndProjectSection
EndProject
Project("{FAE04EC0-301F-11D3-BF4B-00C04F79EFBC}") = "SaasKit.Multitenancy", "src\SaasKit.Multitenancy\SaasKit.Multitenancy.csproj", "{D4B866A0-FEA9-4279-8AAF-4B71A6FB70BB}"
EndProject
Project("{2150E333-8FDC-42A3-9474-1A3956D46DE8}") = "Samples", "Samples", "{3BF6E052-C932-4DD5-B5C6-3A014282CDF3}"
EndProject
Project("{FAE04EC0-301F-11D3-BF4B-00C04F79EFBC}") = "AspNetSample", "samples\AspNetSample\AspNetSample.csproj", "{A4ECD7AC-2007-4BDE-A8D9-E122CAE6EDAC}"
EndProject
Project("{FAE04EC0-301F-11D3-BF4B-00C04F79EFBC}") = "AspNetMvcSample", "samples\AspNetMvcSample\AspNetMvcSample.csproj", "{66DE6E51-4668-4DBE-81A8-F6033C30F7CF}"
EndProject
Project("{2150E333-8FDC-42A3-9474-1A3956D46DE8}") = "Test", "Test", "{485AA823-29AD-4346-8857-331F81A3713C}"
EndProject
Project("{FAE04EC0-301F-11D3-BF4B-00C04F79EFBC}") = "SaasKit.Multitenancy.Tests", "test\SaasKit.Multitenancy.Tests\SaasKit.Multitenancy.Tests.csproj", "{2BD23575-488B-44DB-8966-C45FDBF0E2EF}"
EndProject
Project("{FAE04EC0-301F-11D3-BF4B-00C04F79EFBC}") = "SaasKit.Multitenancy.StructureMap", "src\SaasKit.Multitenancy.StructureMap\SaasKit.Multitenancy.StructureMap.csproj", "{B279D429-8CE4-458E-A3CB-355C5E7502B8}"
EndProject
Project("{FAE04EC0-301F-11D3-BF4B-00C04F79EFBC}") = "AspNetStructureMapSample", "samples\AspNetStructureMapSample\AspNetStructureMapSample.csproj", "{7CD02227-F58B-4050-88F3-3ED06FE54FFD}"
EndProject
Project("{FAE04EC0-301F-11D3-BF4B-00C04F79EFBC}") = "AspNetMvcAuthDemo", "samples\AspNetMvcAuthDemo\AspNetMvcAuthDemo.csproj", "{2E3FB8CB-C097-19D6-EE0D-F104FEE87241}"
EndProject
Global
	GlobalSection(SolutionConfigurationPlatforms) = preSolution
		Debug|Any CPU = Debug|Any CPU
		Debug|x64 = Debug|x64
		Debug|x86 = Debug|x86
		Release|Any CPU = Release|Any CPU
		Release|x64 = Release|x64
		Release|x86 = Release|x86
	EndGlobalSection
	GlobalSection(ProjectConfigurationPlatforms) = postSolution
		{D4B866A0-FEA9-4279-8AAF-4B71A6FB70BB}.Debug|Any CPU.ActiveCfg = Debug|Any CPU
		{D4B866A0-FEA9-4279-8AAF-4B71A6FB70BB}.Debug|Any CPU.Build.0 = Debug|Any CPU
		{D4B866A0-FEA9-4279-8AAF-4B71A6FB70BB}.Debug|x64.ActiveCfg = Debug|Any CPU
		{D4B866A0-FEA9-4279-8AAF-4B71A6FB70BB}.Debug|x64.Build.0 = Debug|Any CPU
		{D4B866A0-FEA9-4279-8AAF-4B71A6FB70BB}.Debug|x86.ActiveCfg = Debug|Any CPU
		{D4B866A0-FEA9-4279-8AAF-4B71A6FB70BB}.Debug|x86.Build.0 = Debug|Any CPU
		{D4B866A0-FEA9-4279-8AAF-4B71A6FB70BB}.Release|Any CPU.ActiveCfg = Release|Any CPU
		{D4B866A0-FEA9-4279-8AAF-4B71A6FB70BB}.Release|Any CPU.Build.0 = Release|Any CPU
		{D4B866A0-FEA9-4279-8AAF-4B71A6FB70BB}.Release|x64.ActiveCfg = Release|Any CPU
		{D4B866A0-FEA9-4279-8AAF-4B71A6FB70BB}.Release|x64.Build.0 = Release|Any CPU
		{D4B866A0-FEA9-4279-8AAF-4B71A6FB70BB}.Release|x86.ActiveCfg = Release|Any CPU
		{D4B866A0-FEA9-4279-8AAF-4B71A6FB70BB}.Release|x86.Build.0 = Release|Any CPU
		{A4ECD7AC-2007-4BDE-A8D9-E122CAE6EDAC}.Debug|Any CPU.ActiveCfg = Debug|Any CPU
		{A4ECD7AC-2007-4BDE-A8D9-E122CAE6EDAC}.Debug|Any CPU.Build.0 = Debug|Any CPU
		{A4ECD7AC-2007-4BDE-A8D9-E122CAE6EDAC}.Debug|x64.ActiveCfg = Debug|Any CPU
		{A4ECD7AC-2007-4BDE-A8D9-E122CAE6EDAC}.Debug|x64.Build.0 = Debug|Any CPU
		{A4ECD7AC-2007-4BDE-A8D9-E122CAE6EDAC}.Debug|x86.ActiveCfg = Debug|Any CPU
		{A4ECD7AC-2007-4BDE-A8D9-E122CAE6EDAC}.Debug|x86.Build.0 = Debug|Any CPU
		{A4ECD7AC-2007-4BDE-A8D9-E122CAE6EDAC}.Release|Any CPU.ActiveCfg = Release|Any CPU
		{A4ECD7AC-2007-4BDE-A8D9-E122CAE6EDAC}.Release|Any CPU.Build.0 = Release|Any CPU
		{A4ECD7AC-2007-4BDE-A8D9-E122CAE6EDAC}.Release|x64.ActiveCfg = Release|Any CPU
		{A4ECD7AC-2007-4BDE-A8D9-E122CAE6EDAC}.Release|x64.Build.0 = Release|Any CPU
		{A4ECD7AC-2007-4BDE-A8D9-E122CAE6EDAC}.Release|x86.ActiveCfg = Release|Any CPU
		{A4ECD7AC-2007-4BDE-A8D9-E122CAE6EDAC}.Release|x86.Build.0 = Release|Any CPU
		{66DE6E51-4668-4DBE-81A8-F6033C30F7CF}.Debug|Any CPU.ActiveCfg = Debug|Any CPU
		{66DE6E51-4668-4DBE-81A8-F6033C30F7CF}.Debug|Any CPU.Build.0 = Debug|Any CPU
		{66DE6E51-4668-4DBE-81A8-F6033C30F7CF}.Debug|x64.ActiveCfg = Debug|Any CPU
		{66DE6E51-4668-4DBE-81A8-F6033C30F7CF}.Debug|x64.Build.0 = Debug|Any CPU
		{66DE6E51-4668-4DBE-81A8-F6033C30F7CF}.Debug|x86.ActiveCfg = Debug|Any CPU
		{66DE6E51-4668-4DBE-81A8-F6033C30F7CF}.Debug|x86.Build.0 = Debug|Any CPU
		{66DE6E51-4668-4DBE-81A8-F6033C30F7CF}.Release|Any CPU.ActiveCfg = Release|Any CPU
		{66DE6E51-4668-4DBE-81A8-F6033C30F7CF}.Release|Any CPU.Build.0 = Release|Any CPU
		{66DE6E51-4668-4DBE-81A8-F6033C30F7CF}.Release|x64.ActiveCfg = Release|Any CPU
		{66DE6E51-4668-4DBE-81A8-F6033C30F7CF}.Release|x64.Build.0 = Release|Any CPU
		{66DE6E51-4668-4DBE-81A8-F6033C30F7CF}.Release|x86.ActiveCfg = Release|Any CPU
		{66DE6E51-4668-4DBE-81A8-F6033C30F7CF}.Release|x86.Build.0 = Release|Any CPU
		{2BD23575-488B-44DB-8966-C45FDBF0E2EF}.Debug|Any CPU.ActiveCfg = Debug|Any CPU
		{2BD23575-488B-44DB-8966-C45FDBF0E2EF}.Debug|Any CPU.Build.0 = Debug|Any CPU
		{2BD23575-488B-44DB-8966-C45FDBF0E2EF}.Debug|x64.ActiveCfg = Debug|Any CPU
		{2BD23575-488B-44DB-8966-C45FDBF0E2EF}.Debug|x64.Build.0 = Debug|Any CPU
		{2BD23575-488B-44DB-8966-C45FDBF0E2EF}.Debug|x86.ActiveCfg = Debug|Any CPU
		{2BD23575-488B-44DB-8966-C45FDBF0E2EF}.Debug|x86.Build.0 = Debug|Any CPU
		{2BD23575-488B-44DB-8966-C45FDBF0E2EF}.Release|Any CPU.ActiveCfg = Release|Any CPU
		{2BD23575-488B-44DB-8966-C45FDBF0E2EF}.Release|Any CPU.Build.0 = Release|Any CPU
		{2BD23575-488B-44DB-8966-C45FDBF0E2EF}.Release|x64.ActiveCfg = Release|Any CPU
		{2BD23575-488B-44DB-8966-C45FDBF0E2EF}.Release|x64.Build.0 = Release|Any CPU
		{2BD23575-488B-44DB-8966-C45FDBF0E2EF}.Release|x86.ActiveCfg = Release|Any CPU
		{2BD23575-488B-44DB-8966-C45FDBF0E2EF}.Release|x86.Build.0 = Release|Any CPU
		{B279D429-8CE4-458E-A3CB-355C5E7502B8}.Debug|Any CPU.ActiveCfg = Debug|Any CPU
		{B279D429-8CE4-458E-A3CB-355C5E7502B8}.Debug|Any CPU.Build.0 = Debug|Any CPU
		{B279D429-8CE4-458E-A3CB-355C5E7502B8}.Debug|x64.ActiveCfg = Debug|Any CPU
		{B279D429-8CE4-458E-A3CB-355C5E7502B8}.Debug|x64.Build.0 = Debug|Any CPU
		{B279D429-8CE4-458E-A3CB-355C5E7502B8}.Debug|x86.ActiveCfg = Debug|Any CPU
		{B279D429-8CE4-458E-A3CB-355C5E7502B8}.Debug|x86.Build.0 = Debug|Any CPU
		{B279D429-8CE4-458E-A3CB-355C5E7502B8}.Release|Any CPU.ActiveCfg = Release|Any CPU
		{B279D429-8CE4-458E-A3CB-355C5E7502B8}.Release|Any CPU.Build.0 = Release|Any CPU
		{B279D429-8CE4-458E-A3CB-355C5E7502B8}.Release|x64.ActiveCfg = Release|Any CPU
		{B279D429-8CE4-458E-A3CB-355C5E7502B8}.Release|x64.Build.0 = Release|Any CPU
		{B279D429-8CE4-458E-A3CB-355C5E7502B8}.Release|x86.ActiveCfg = Release|Any CPU
		{B279D429-8CE4-458E-A3CB-355C5E7502B8}.Release|x86.Build.0 = Release|Any CPU
		{7CD02227-F58B-4050-88F3-3ED06FE54FFD}.Debug|Any CPU.ActiveCfg = Debug|Any CPU
		{7CD02227-F58B-4050-88F3-3ED06FE54FFD}.Debug|Any CPU.Build.0 = Debug|Any CPU
		{7CD02227-F58B-4050-88F3-3ED06FE54FFD}.Debug|x64.ActiveCfg = Debug|Any CPU
		{7CD02227-F58B-4050-88F3-3ED06FE54FFD}.Debug|x64.Build.0 = Debug|Any CPU
		{7CD02227-F58B-4050-88F3-3ED06FE54FFD}.Debug|x86.ActiveCfg = Debug|Any CPU
		{7CD02227-F58B-4050-88F3-3ED06FE54FFD}.Debug|x86.Build.0 = Debug|Any CPU
		{7CD02227-F58B-4050-88F3-3ED06FE54FFD}.Release|Any CPU.ActiveCfg = Release|Any CPU
		{7CD02227-F58B-4050-88F3-3ED06FE54FFD}.Release|Any CPU.Build.0 = Release|Any CPU
		{7CD02227-F58B-4050-88F3-3ED06FE54FFD}.Release|x64.ActiveCfg = Release|Any CPU
		{7CD02227-F58B-4050-88F3-3ED06FE54FFD}.Release|x64.Build.0 = Release|Any CPU
		{7CD02227-F58B-4050-88F3-3ED06FE54FFD}.Release|x86.ActiveCfg = Release|Any CPU
		{7CD02227-F58B-4050-88F3-3ED06FE54FFD}.Release|x86.Build.0 = Release|Any CPU
		{2E3FB8CB-C097-19D6-EE0D-F104FEE87241}.Debug|Any CPU.ActiveCfg = Debug|Any CPU
		{2E3FB8CB-C097-19D6-EE0D-F104FEE87241}.Debug|Any CPU.Build.0 = Debug|Any CPU
		{2E3FB8CB-C097-19D6-EE0D-F104FEE87241}.Debug|x64.ActiveCfg = Debug|Any CPU
		{2E3FB8CB-C097-19D6-EE0D-F104FEE87241}.Debug|x64.Build.0 = Debug|Any CPU
		{2E3FB8CB-C097-19D6-EE0D-F104FEE87241}.Debug|x86.ActiveCfg = Debug|Any CPU
		{2E3FB8CB-C097-19D6-EE0D-F104FEE87241}.Debug|x86.Build.0 = Debug|Any CPU
		{2E3FB8CB-C097-19D6-EE0D-F104FEE87241}.Release|Any CPU.ActiveCfg = Release|Any CPU
		{2E3FB8CB-C097-19D6-EE0D-F104FEE87241}.Release|Any CPU.Build.0 = Release|Any CPU
		{2E3FB8CB-C097-19D6-EE0D-F104FEE87241}.Release|x64.ActiveCfg = Release|Any CPU
		{2E3FB8CB-C097-19D6-EE0D-F104FEE87241}.Release|x64.Build.0 = Release|Any CPU
		{2E3FB8CB-C097-19D6-EE0D-F104FEE87241}.Release|x86.ActiveCfg = Release|Any CPU
		{2E3FB8CB-C097-19D6-EE0D-F104FEE87241}.Release|x86.Build.0 = Release|Any CPU
	EndGlobalSection
	GlobalSection(SolutionProperties) = preSolution
		HideSolutionNode = FALSE
	EndGlobalSection
	GlobalSection(NestedProjects) = preSolution
		{A4ECD7AC-2007-4BDE-A8D9-E122CAE6EDAC} = {3BF6E052-C932-4DD5-B5C6-3A014282CDF3}
		{66DE6E51-4668-4DBE-81A8-F6033C30F7CF} = {3BF6E052-C932-4DD5-B5C6-3A014282CDF3}
		{2BD23575-488B-44DB-8966-C45FDBF0E2EF} = {485AA823-29AD-4346-8857-331F81A3713C}
		{7CD02227-F58B-4050-88F3-3ED06FE54FFD} = {3BF6E052-C932-4DD5-B5C6-3A014282CDF3}
		{2E3FB8CB-C097-19D6-EE0D-F104FEE87241} = {3BF6E052-C932-4DD5-B5C6-3A014282CDF3}
	EndGlobalSection
	GlobalSection(ExtensibilityGlobals) = postSolution
		SolutionGuid = {60894664-C5D7-467E-B1F6-FD2094FF2C09}
	EndGlobalSection
EndGlobal
